
Microsoft Visual Studio Solution File, Format Version 12.00
# Visual Studio Version 17
VisualStudioVersion = 17.5.002.0
MinimumVisualStudioVersion = 10.0.40219.1
Project("{9A19103F-16F7-4668-BE54-9A1E7A4F7556}") = "DotNETCore8LabProject1", "DotNETCore8LabProject1.csproj", "{695795E9-9B48-4ABA-A7F5-543DC1ADE7F9}"
EndProject
Global
	GlobalSection(SolutionConfigurationPlatforms) = preSolution
		Debug|Any CPU = Debug|Any CPU
		Release|Any CPU = Release|Any CPU
	EndGlobalSection
	GlobalSection(ProjectConfigurationPlatforms) = postSolution
		{695795E9-9B48-4ABA-A7F5-543DC1ADE7F9}.Debug|Any CPU.ActiveCfg = Debug|Any CPU
		{695795E9-9B48-4ABA-A7F5-543DC1ADE7F9}.Debug|Any CPU.Build.0 = Debug|Any CPU
		{695795E9-9B48-4ABA-A7F5-543DC1ADE7F9}.Release|Any CPU.ActiveCfg = Release|Any CPU
		{695795E9-9B48-4ABA-A7F5-543DC1ADE7F9}.Release|Any CPU.Build.0 = Release|Any CPU
	EndGlobalSection
	GlobalSection(SolutionProperties) = preSolution
		HideSolutionNode = FALSE
	EndGlobalSection
	GlobalSection(ExtensibilityGlobals) = postSolution
		SolutionGuid = {977383BB-47A7-48B1-BB9A-52C9BADFF583}
	EndGlobalSection
EndGlobal
